
Microsoft Visual Studio Solution File, Format Version 12.00
# Visual Studio Version 17
VisualStudioVersion = 17.5.33627.172
MinimumVisualStudioVersion = 10.0.40219.1
Project("{9A19103F-16F7-4668-BE54-9A1E7A4F7556}") = "Sciences.API", "Sciences.API\Sciences.API.csproj", "{211810F9-99D6-496F-95A0-695860D58F19}"
EndProject
Project("{9A19103F-16F7-4668-BE54-9A1E7A4F7556}") = "Identity.Api", "Identity.Api\Identity.Api.csproj", "{F8830ECE-854D-4265-8ECE-C74A4E8A2240}"
EndProject
Project("{9A19103F-16F7-4668-BE54-9A1E7A4F7556}") = "Student.API", "Student.API\Student.API.csproj", "{1849B9DD-C8D1-43E5-8BF7-A20CDCC503B0}"
EndProject
Project("{2150E333-8FDC-42A3-9474-1A3956D46DE8}") = "Solution Item", "Solution Item", "{A98B5959-70AE-4C4B-824C-D1F79A132504}"
	ProjectSection(SolutionItems) = preProject
		docker-compose.yml = docker-compose.yml
	EndProjectSection
EndProject
Project("{9A19103F-16F7-4668-BE54-9A1E7A4F7556}") = "Chat.Api", "Chat.Api\Chat.Api.csproj", "{2B6B3CFA-7773-4CAE-B216-EBFE2EE7AD55}"
EndProject
Project("{9A19103F-16F7-4668-BE54-9A1E7A4F7556}") = "SchoolManagement.Common", "SchoolManagment.Common\SchoolManagement.Common.csproj", "{9DF206E7-6466-497B-9F62-A95354457100}"
EndProject
Project("{2150E333-8FDC-42A3-9474-1A3956D46DE8}") = "StudentApi", "StudentApi", "{A793159C-FF52-4824-A0AB-B6E8533C29D8}"
EndProject
Project("{FAE04EC0-301F-11D3-BF4B-00C04F79EFBC}") = "Student.Api_xUnitTests", "Student.Api_xUnitTests\Student.Api_xUnitTests.csproj", "{0D1AB982-2F17-4C83-9442-B0B15C5F8D71}"
EndProject
Global
	GlobalSection(SolutionConfigurationPlatforms) = preSolution
		Debug|Any CPU = Debug|Any CPU
		Release|Any CPU = Release|Any CPU
	EndGlobalSection
	GlobalSection(ProjectConfigurationPlatforms) = postSolution
		{211810F9-99D6-496F-95A0-695860D58F19}.Debug|Any CPU.ActiveCfg = Debug|Any CPU
		{211810F9-99D6-496F-95A0-695860D58F19}.Debug|Any CPU.Build.0 = Debug|Any CPU
		{211810F9-99D6-496F-95A0-695860D58F19}.Release|Any CPU.ActiveCfg = Release|Any CPU
		{211810F9-99D6-496F-95A0-695860D58F19}.Release|Any CPU.Build.0 = Release|Any CPU
		{F8830ECE-854D-4265-8ECE-C74A4E8A2240}.Debug|Any CPU.ActiveCfg = Debug|Any CPU
		{F8830ECE-854D-4265-8ECE-C74A4E8A2240}.Debug|Any CPU.Build.0 = Debug|Any CPU
		{F8830ECE-854D-4265-8ECE-C74A4E8A2240}.Release|Any CPU.ActiveCfg = Release|Any CPU
		{F8830ECE-854D-4265-8ECE-C74A4E8A2240}.Release|Any CPU.Build.0 = Release|Any CPU
		{1849B9DD-C8D1-43E5-8BF7-A20CDCC503B0}.Debug|Any CPU.ActiveCfg = Debug|Any CPU
		{1849B9DD-C8D1-43E5-8BF7-A20CDCC503B0}.Debug|Any CPU.Build.0 = Debug|Any CPU
		{1849B9DD-C8D1-43E5-8BF7-A20CDCC503B0}.Release|Any CPU.ActiveCfg = Release|Any CPU
		{1849B9DD-C8D1-43E5-8BF7-A20CDCC503B0}.Release|Any CPU.Build.0 = Release|Any CPU
		{2B6B3CFA-7773-4CAE-B216-EBFE2EE7AD55}.Debug|Any CPU.ActiveCfg = Debug|Any CPU
		{2B6B3CFA-7773-4CAE-B216-EBFE2EE7AD55}.Debug|Any CPU.Build.0 = Debug|Any CPU
		{2B6B3CFA-7773-4CAE-B216-EBFE2EE7AD55}.Release|Any CPU.ActiveCfg = Release|Any CPU
		{2B6B3CFA-7773-4CAE-B216-EBFE2EE7AD55}.Release|Any CPU.Build.0 = Release|Any CPU
		{9DF206E7-6466-497B-9F62-A95354457100}.Debug|Any CPU.ActiveCfg = Debug|Any CPU
		{9DF206E7-6466-497B-9F62-A95354457100}.Debug|Any CPU.Build.0 = Debug|Any CPU
		{9DF206E7-6466-497B-9F62-A95354457100}.Release|Any CPU.ActiveCfg = Release|Any CPU
		{9DF206E7-6466-497B-9F62-A95354457100}.Release|Any CPU.Build.0 = Release|Any CPU
		{0D1AB982-2F17-4C83-9442-B0B15C5F8D71}.Debug|Any CPU.ActiveCfg = Debug|Any CPU
		{0D1AB982-2F17-4C83-9442-B0B15C5F8D71}.Debug|Any CPU.Build.0 = Debug|Any CPU
		{0D1AB982-2F17-4C83-9442-B0B15C5F8D71}.Release|Any CPU.ActiveCfg = Release|Any CPU
		{0D1AB982-2F17-4C83-9442-B0B15C5F8D71}.Release|Any CPU.Build.0 = Release|Any CPU
	EndGlobalSection
	GlobalSection(SolutionProperties) = preSolution
		HideSolutionNode = FALSE
	EndGlobalSection
	GlobalSection(NestedProjects) = preSolution
		{1849B9DD-C8D1-43E5-8BF7-A20CDCC503B0} = {A793159C-FF52-4824-A0AB-B6E8533C29D8}
		{0D1AB982-2F17-4C83-9442-B0B15C5F8D71} = {A793159C-FF52-4824-A0AB-B6E8533C29D8}
	EndGlobalSection
	GlobalSection(ExtensibilityGlobals) = postSolution
		SolutionGuid = {F662D0AD-9003-4B99-960E-5A52A3DB8A09}
	EndGlobalSection
EndGlobal
