
Microsoft Visual Studio Solution File, Format Version 12.00
# Visual Studio Version 17
VisualStudioVersion = 17.5.33627.172
MinimumVisualStudioVersion = 10.0.40219.1
Project("{9A19103F-16F7-4668-BE54-9A1E7A4F7556}") = "SchoolManagement.Services.Identity", "SchoolManagement.Services.Identity\SchoolManagement.Services.Identity.csproj", "{608A718F-8C15-4580-B0F8-E7825C2569F2}"
EndProject
Project("{9A19103F-16F7-4668-BE54-9A1E7A4F7556}") = "SchoolManagement.Services.Sciences", "SchoolManagement.Services.Sciences\SchoolManagement.Services.Sciences.csproj", "{CB0921CE-D8AD-4ED1-B46F-F9ADA6D36446}"
EndProject
Project("{9A19103F-16F7-4668-BE54-9A1E7A4F7556}") = "SchoolManagement.Services.Students", "SchoolManagement.Services.Students\SchoolManagement.Services.Students.csproj", "{68700134-8864-4AF2-8E07-BFD206B3BB67}"
EndProject
Project("{9A19103F-16F7-4668-BE54-9A1E7A4F7556}") = "SchoolManagement.Services.Chats", "SchoolManagement.Services.Chats\SchoolManagement.Services.Chats.csproj", "{591D4BA6-46BC-4A2B-85FF-F0FEB35FA09C}"
EndProject
Project("{2150E333-8FDC-42A3-9474-1A3956D46DE8}") = "Services", "Services", "{C7C7D0C9-C5BF-4527-BC8B-64E30EC0E194}"
EndProject
Project("{9A19103F-16F7-4668-BE54-9A1E7A4F7556}") = "SchoolManagement.Core", "SchoolManagement.Core\SchoolManagement.Core.csproj", "{C7AE4365-CA98-4B31-9683-175C5A1C020C}"
EndProject
Project("{2150E333-8FDC-42A3-9474-1A3956D46DE8}") = "Docker", "Docker", "{157C4D03-5688-49AD-B0A4-CA111EB766CC}"
	ProjectSection(SolutionItems) = preProject
		docker-compose.yml = docker-compose.yml
	EndProjectSection
EndProject
Project("{9A19103F-16F7-4668-BE54-9A1E7A4F7556}") = "SchoolManagement.AdminAPI", "SchoolManagement.AdminAPI\SchoolManagement.AdminAPI.csproj", "{B26ED86C-032C-4AEB-9557-6DD92D67DBA4}"
EndProject
Project("{9A19103F-16F7-4668-BE54-9A1E7A4F7556}") = "SchoolManagement.StudentAPI", "SchoolManagement.StudentAPI\SchoolManagement.StudentAPI.csproj", "{2E0F7090-9AE7-4E98-888B-C35FEE391F63}"
EndProject
Project("{9A19103F-16F7-4668-BE54-9A1E7A4F7556}") = "Science.Api.Tests", "..\..\tests\Science.Api.Tests\Science.Api.Tests.csproj", "{7FE9A7C4-A00F-4F5F-B383-9F3A0DD79C84}"
EndProject
Project("{2150E333-8FDC-42A3-9474-1A3956D46DE8}") = "Apis", "Apis", "{B2083C33-E488-4B63-8017-935FBEEB4E6E}"
EndProject
Project("{2150E333-8FDC-42A3-9474-1A3956D46DE8}") = "Tests", "Tests", "{18784D22-5BE0-43B0-AD5F-8669CC194D1A}"
EndProject
Project("{9A19103F-16F7-4668-BE54-9A1E7A4F7556}") = "Student.Api.Tests", "Student.Api.Tests\Student.Api.Tests.csproj", "{D1C8652D-F949-4F9E-8D7B-4623F3CD0A8A}"
EndProject
Project("{FAE04EC0-301F-11D3-BF4B-00C04F79EFBC}") = "Identity.Api.Test", "..\..\tests\Identity.Api.Test\Identity.Api.Test.csproj", "{52A99C06-0B8D-4630-A162-C47F65D4193B}"
EndProject
Global
	GlobalSection(SolutionConfigurationPlatforms) = preSolution
		Debug|Any CPU = Debug|Any CPU
		Release|Any CPU = Release|Any CPU
	EndGlobalSection
	GlobalSection(ProjectConfigurationPlatforms) = postSolution
		{608A718F-8C15-4580-B0F8-E7825C2569F2}.Debug|Any CPU.ActiveCfg = Debug|Any CPU
		{608A718F-8C15-4580-B0F8-E7825C2569F2}.Debug|Any CPU.Build.0 = Debug|Any CPU
		{608A718F-8C15-4580-B0F8-E7825C2569F2}.Release|Any CPU.ActiveCfg = Release|Any CPU
		{608A718F-8C15-4580-B0F8-E7825C2569F2}.Release|Any CPU.Build.0 = Release|Any CPU
		{CB0921CE-D8AD-4ED1-B46F-F9ADA6D36446}.Debug|Any CPU.ActiveCfg = Debug|Any CPU
		{CB0921CE-D8AD-4ED1-B46F-F9ADA6D36446}.Debug|Any CPU.Build.0 = Debug|Any CPU
		{CB0921CE-D8AD-4ED1-B46F-F9ADA6D36446}.Release|Any CPU.ActiveCfg = Release|Any CPU
		{CB0921CE-D8AD-4ED1-B46F-F9ADA6D36446}.Release|Any CPU.Build.0 = Release|Any CPU
		{68700134-8864-4AF2-8E07-BFD206B3BB67}.Debug|Any CPU.ActiveCfg = Debug|Any CPU
		{68700134-8864-4AF2-8E07-BFD206B3BB67}.Debug|Any CPU.Build.0 = Debug|Any CPU
		{68700134-8864-4AF2-8E07-BFD206B3BB67}.Release|Any CPU.ActiveCfg = Release|Any CPU
		{68700134-8864-4AF2-8E07-BFD206B3BB67}.Release|Any CPU.Build.0 = Release|Any CPU
		{591D4BA6-46BC-4A2B-85FF-F0FEB35FA09C}.Debug|Any CPU.ActiveCfg = Debug|Any CPU
		{591D4BA6-46BC-4A2B-85FF-F0FEB35FA09C}.Debug|Any CPU.Build.0 = Debug|Any CPU
		{591D4BA6-46BC-4A2B-85FF-F0FEB35FA09C}.Release|Any CPU.ActiveCfg = Release|Any CPU
		{591D4BA6-46BC-4A2B-85FF-F0FEB35FA09C}.Release|Any CPU.Build.0 = Release|Any CPU
		{C7AE4365-CA98-4B31-9683-175C5A1C020C}.Debug|Any CPU.ActiveCfg = Debug|Any CPU
		{C7AE4365-CA98-4B31-9683-175C5A1C020C}.Debug|Any CPU.Build.0 = Debug|Any CPU
		{C7AE4365-CA98-4B31-9683-175C5A1C020C}.Release|Any CPU.ActiveCfg = Release|Any CPU
		{C7AE4365-CA98-4B31-9683-175C5A1C020C}.Release|Any CPU.Build.0 = Release|Any CPU
		{B26ED86C-032C-4AEB-9557-6DD92D67DBA4}.Debug|Any CPU.ActiveCfg = Debug|Any CPU
		{B26ED86C-032C-4AEB-9557-6DD92D67DBA4}.Debug|Any CPU.Build.0 = Debug|Any CPU
		{B26ED86C-032C-4AEB-9557-6DD92D67DBA4}.Release|Any CPU.ActiveCfg = Release|Any CPU
		{B26ED86C-032C-4AEB-9557-6DD92D67DBA4}.Release|Any CPU.Build.0 = Release|Any CPU
		{2E0F7090-9AE7-4E98-888B-C35FEE391F63}.Debug|Any CPU.ActiveCfg = Debug|Any CPU
		{2E0F7090-9AE7-4E98-888B-C35FEE391F63}.Debug|Any CPU.Build.0 = Debug|Any CPU
		{2E0F7090-9AE7-4E98-888B-C35FEE391F63}.Release|Any CPU.ActiveCfg = Release|Any CPU
		{2E0F7090-9AE7-4E98-888B-C35FEE391F63}.Release|Any CPU.Build.0 = Release|Any CPU
		{7FE9A7C4-A00F-4F5F-B383-9F3A0DD79C84}.Debug|Any CPU.ActiveCfg = Debug|Any CPU
		{7FE9A7C4-A00F-4F5F-B383-9F3A0DD79C84}.Debug|Any CPU.Build.0 = Debug|Any CPU
		{7FE9A7C4-A00F-4F5F-B383-9F3A0DD79C84}.Release|Any CPU.ActiveCfg = Release|Any CPU
		{7FE9A7C4-A00F-4F5F-B383-9F3A0DD79C84}.Release|Any CPU.Build.0 = Release|Any CPU
		{D1C8652D-F949-4F9E-8D7B-4623F3CD0A8A}.Debug|Any CPU.ActiveCfg = Debug|Any CPU
		{D1C8652D-F949-4F9E-8D7B-4623F3CD0A8A}.Debug|Any CPU.Build.0 = Debug|Any CPU
		{D1C8652D-F949-4F9E-8D7B-4623F3CD0A8A}.Release|Any CPU.ActiveCfg = Release|Any CPU
		{D1C8652D-F949-4F9E-8D7B-4623F3CD0A8A}.Release|Any CPU.Build.0 = Release|Any CPU
		{52A99C06-0B8D-4630-A162-C47F65D4193B}.Debug|Any CPU.ActiveCfg = Debug|Any CPU
		{52A99C06-0B8D-4630-A162-C47F65D4193B}.Debug|Any CPU.Build.0 = Debug|Any CPU
		{52A99C06-0B8D-4630-A162-C47F65D4193B}.Release|Any CPU.ActiveCfg = Release|Any CPU
		{52A99C06-0B8D-4630-A162-C47F65D4193B}.Release|Any CPU.Build.0 = Release|Any CPU
	EndGlobalSection
	GlobalSection(SolutionProperties) = preSolution
		HideSolutionNode = FALSE
	EndGlobalSection
	GlobalSection(NestedProjects) = preSolution
		{608A718F-8C15-4580-B0F8-E7825C2569F2} = {C7C7D0C9-C5BF-4527-BC8B-64E30EC0E194}
		{CB0921CE-D8AD-4ED1-B46F-F9ADA6D36446} = {C7C7D0C9-C5BF-4527-BC8B-64E30EC0E194}
		{68700134-8864-4AF2-8E07-BFD206B3BB67} = {C7C7D0C9-C5BF-4527-BC8B-64E30EC0E194}
		{591D4BA6-46BC-4A2B-85FF-F0FEB35FA09C} = {C7C7D0C9-C5BF-4527-BC8B-64E30EC0E194}
		{C7AE4365-CA98-4B31-9683-175C5A1C020C} = {C7C7D0C9-C5BF-4527-BC8B-64E30EC0E194}
		{B26ED86C-032C-4AEB-9557-6DD92D67DBA4} = {B2083C33-E488-4B63-8017-935FBEEB4E6E}
		{2E0F7090-9AE7-4E98-888B-C35FEE391F63} = {B2083C33-E488-4B63-8017-935FBEEB4E6E}
		{7FE9A7C4-A00F-4F5F-B383-9F3A0DD79C84} = {18784D22-5BE0-43B0-AD5F-8669CC194D1A}
		{D1C8652D-F949-4F9E-8D7B-4623F3CD0A8A} = {18784D22-5BE0-43B0-AD5F-8669CC194D1A}
		{52A99C06-0B8D-4630-A162-C47F65D4193B} = {18784D22-5BE0-43B0-AD5F-8669CC194D1A}
	EndGlobalSection
	GlobalSection(ExtensibilityGlobals) = postSolution
		SolutionGuid = {57FBDB7D-3BCF-47F7-863E-3C109E9F3CE4}
	EndGlobalSection
EndGlobal
